// !$*UTF8*$!
{
	archiveVersion = 1;
	classes = {
	};
	objectVersion = 46;
	objects = {

/* Begin PBXBuildFile section */
		715078531CF82A50003E4796 /* main.m in Sources */ = {isa = PBXBuildFile; fileRef = 715078521CF82A50003E4796 /* main.m */; };
		715078561CF82A50003E4796 /* AppDelegate.m in Sources */ = {isa = PBXBuildFile; fileRef = 715078551CF82A50003E4796 /* AppDelegate.m */; };
		715078591CF82A50003E4796 /* ViewController.m in Sources */ = {isa = PBXBuildFile; fileRef = 715078581CF82A50003E4796 /* ViewController.m */; };
		7150785C1CF82A50003E4796 /* Main.storyboard in Resources */ = {isa = PBXBuildFile; fileRef = 7150785A1CF82A50003E4796 /* Main.storyboard */; };
		7150785E1CF82A50003E4796 /* Assets.xcassets in Resources */ = {isa = PBXBuildFile; fileRef = 7150785D1CF82A50003E4796 /* Assets.xcassets */; };
		715078611CF82A50003E4796 /* LaunchScreen.storyboard in Resources */ = {isa = PBXBuildFile; fileRef = 7150785F1CF82A50003E4796 /* LaunchScreen.storyboard */; };
		7150786A1CF82ABD003E4796 /* DrawBoard.m in Sources */ = {isa = PBXBuildFile; fileRef = 715078691CF82ABD003E4796 /* DrawBoard.m */; };
/* End PBXBuildFile section */

/* Begin PBXFileReference section */
		7150784E1CF82A50003E4796 /* Quartz2D_Demo.app */ = {isa = PBXFileReference; explicitFileType = wrapper.application; includeInIndex = 0; path = Quartz2D_Demo.app; sourceTree = BUILT_PRODUCTS_DIR; };
		715078521CF82A50003E4796 /* main.m */ = {isa = PBXFileReference; lastKnownFileType = sourcecode.c.objc; path = main.m; sourceTree = "<group>"; };
		715078541CF82A50003E4796 /* AppDelegate.h */ = {isa = PBXFileReference; lastKnownFileType = sourcecode.c.h; path = AppDelegate.h; sourceTree = "<group>"; };
		715078551CF82A50003E4796 /* AppDelegate.m */ = {isa = PBXFileReference; lastKnownFileType = sourcecode.c.objc; path = AppDelegate.m; sourceTree = "<group>"; };
		715078571CF82A50003E4796 /* ViewController.h */ = {isa = PBXFileReference; lastKnownFileType = sourcecode.c.h; path = ViewController.h; sourceTree = "<group>"; };
		715078581CF82A50003E4796 /* ViewController.m */ = {isa = PBXFileReference; lastKnownFileType = sourcecode.c.objc; path = ViewController.m; sourceTree = "<group>"; };
		7150785B1CF82A50003E4796 /* Base */ = {isa = PBXFileReference; lastKnownFileType = file.storyboard; name = Base; path = Base.lproj/Main.storyboard; sourceTree = "<group>"; };
		7150785D1CF82A50003E4796 /* Assets.xcassets */ = {isa = PBXFileReference; lastKnownFileType = folder.assetcatalog; path = Assets.xcassets; sourceTree = "<group>"; };
		715078601CF82A50003E4796 /* Base */ = {isa = PBXFileReference; lastKnownFileType = file.storyboard; name = Base; path = Base.lproj/LaunchScreen.storyboard; sourceTree = "<group>"; };
		715078621CF82A50003E4796 /* Info.plist */ = {isa = PBXFileReference; lastKnownFileType = text.plist.xml; path = Info.plist; sourceTree = "<group>"; };
		715078681CF82ABD003E4796 /* DrawBoard.h */ = {isa = PBXFileReference; fileEncoding = 4; lastKnownFileType = sourcecode.c.h; path = DrawBoard.h; sourceTree = "<group>"; };
		715078691CF82ABD003E4796 /* DrawBoard.m */ = {isa = PBXFileReference; fileEncoding = 4; lastKnownFileType = sourcecode.c.objc; path = DrawBoard.m; sourceTree = "<group>"; };
/* End PBXFileReference section */

/* Begin PBXFrameworksBuildPhase section */
		7150784B1CF82A50003E4796 /* Frameworks */ = {
			isa = PBXFrameworksBuildPhase;
			buildActionMask = 2147483647;
			files = (
			);
			runOnlyForDeploymentPostprocessing = 0;
		};
/* End PBXFrameworksBuildPhase section */

/* Begin PBXGroup section */
		715078451CF82A50003E4796 = {
			isa = PBXGroup;
			children = (
				715078501CF82A50003E4796 /* Quartz2D_Demo */,
				7150784F1CF82A50003E4796 /* Products */,
			);
			sourceTree = "<group>";
		};
		7150784F1CF82A50003E4796 /* Products */ = {
			isa = PBXGroup;
			children = (
				7150784E1CF82A50003E4796 /* Quartz2D_Demo.app */,
			);
			name = Products;
			sourceTree = "<group>";
		};
		715078501CF82A50003E4796 /* Quartz2D_Demo */ = {
			isa = PBXGroup;
			children = (
				715078541CF82A50003E4796 /* AppDelegate.h */,
				715078551CF82A50003E4796 /* AppDelegate.m */,
				715078571CF82A50003E4796 /* ViewController.h */,
				715078581CF82A50003E4796 /* ViewController.m */,
				7150785A1CF82A50003E4796 /* Main.storyboard */,
				7150785D1CF82A50003E4796 /* Assets.xcassets */,
				7150785F1CF82A50003E4796 /* LaunchScreen.storyboard */,
				715078621CF82A50003E4796 /* Info.plist */,
				715078511CF82A50003E4796 /* Supporting Files */,
				715078681CF82ABD003E4796 /* DrawBoard.h */,
				715078691CF82ABD003E4796 /* DrawBoard.m */,
			);
			path = Quartz2D_Demo;
			sourceTree = "<group>";
		};
		715078511CF82A50003E4796 /* Supporting Files */ = {
			isa = PBXGroup;
			children = (
				715078521CF82A50003E4796 /* main.m */,
			);
			name = "Supporting Files";
			sourceTree = "<group>";
		};
/* End PBXGroup section */

/* Begin PBXNativeTarget section */
		7150784D1CF82A50003E4796 /* Quartz2D_Demo */ = {
			isa = PBXNativeTarget;
			buildConfigurationList = 715078651CF82A50003E4796 /* Build configuration list for PBXNativeTarget "Quartz2D_Demo" */;
			buildPhases = (
				7150784A1CF82A50003E4796 /* Sources */,
				7150784B1CF82A50003E4796 /* Frameworks */,
				7150784C1CF82A50003E4796 /* Resources */,
			);
			buildRules = (
			);
			dependencies = (
			);
			name = Quartz2D_Demo;
			productName = Quartz2D_Demo;
			productReference = 7150784E1CF82A50003E4796 /* Quartz2D_Demo.app */;
			productType = "com.apple.product-type.application";
		};
/* End PBXNativeTarget section */

/* Begin PBXProject section */
		715078461CF82A50003E4796 /* Project object */ = {
			isa = PBXProject;
			attributes = {
				LastUpgradeCheck = 0730;
				ORGANIZATIONNAME = ole;
				TargetAttributes = {
					7150784D1CF82A50003E4796 = {
						CreatedOnToolsVersion = 7.3.1;
						DevelopmentTeam = WWN3ZC5QF3;
					};
				};
			};
			buildConfigurationList = 715078491CF82A50003E4796 /* Build configuration list for PBXProject "Quartz2D_Demo" */;
			compatibilityVersion = "Xcode 3.2";
			developmentRegion = English;
			hasScannedForEncodings = 0;
			knownRegions = (
				en,
				Base,
			);
			mainGroup = 715078451CF82A50003E4796;
			productRefGroup = 7150784F1CF82A50003E4796 /* Products */;
			projectDirPath = "";
			projectRoot = "";
			targets = (
				7150784D1CF82A50003E4796 /* Quartz2D_Demo */,
			);
		};
/* End PBXProject section */

/* Begin PBXResourcesBuildPhase section */
		7150784C1CF82A50003E4796 /* Resources */ = {
			isa = PBXResourcesBuildPhase;
			buildActionMask = 2147483647;
			files = (
				715078611CF82A50003E4796 /* LaunchScreen.storyboard in Resources */,
				7150785E1CF82A50003E4796 /* Assets.xcassets in Resources */,
				7150785C1CF82A50003E4796 /* Main.storyboard in Resources */,
			);
			runOnlyForDeploymentPostprocessing = 0;
		};
/* End PBXResourcesBuildPhase section */

/* Begin PBXSourcesBuildPhase section */
		7150784A1CF82A50003E4796 /* Sources */ = {
			isa = PBXSourcesBuildPhase;
			buildActionMask = 2147483647;
			files = (
				715078591CF82A50003E4796 /* ViewController.m in Sources */,
				7150786A1CF82ABD003E4796 /* DrawBoard.m in Sources */,
				715078561CF82A50003E4796 /* AppDelegate.m in Sources */,
				715078531CF82A50003E4796 /* main.m in Sources */,
			);
			runOnlyForDeploymentPostprocessing = 0;
		};
/* End PBXSourcesBuildPhase section */

/* Begin PBXVariantGroup section */
		7150785A1CF82A50003E4796 /* Main.storyboard */ = {
			isa = PBXVariantGroup;
			children = (
				7150785B1CF82A50003E4796 /* Base */,
			);
			name = Main.storyboard;
			sourceTree = "<group>";
		};
		7150785F1CF82A50003E4796 /* LaunchScreen.storyboard */ = {
			isa = PBXVariantGroup;
			children = (
				715078601CF82A50003E4796 /* Base */,
			);
			name = LaunchScreen.storyboard;
			sourceTree = "<group>";
		};
/* End PBXVariantGroup section */

/* Begin XCBuildConfiguration section */
		715078631CF82A50003E4796 /* Debug */ = {
			isa = XCBuildConfiguration;
			buildSettings = {
				ALWAYS_SEARCH_USER_PATHS = NO;
				CLANG_ANALYZER_NONNULL = YES;
				CLANG_CXX_LANGUAGE_STANDARD = "gnu++0x";
				CLANG_CXX_LIBRARY = "libc++";
				CLANG_ENABLE_MODULES = YES;
				CLANG_ENABLE_OBJC_ARC = YES;
				CLANG_WARN_BOOL_CONVERSION = YES;
				CLANG_WARN_CONSTANT_CONVERSION = YES;
				CLANG_WARN_DIRECT_OBJC_ISA_USAGE = YES_ERROR;
				CLANG_WARN_EMPTY_BODY = YES;
				CLANG_WARN_ENUM_CONVERSION = YES;
				CLANG_WARN_INT_CONVERSION = YES;
				CLANG_WARN_OBJC_ROOT_CLASS = YES_ERROR;
				CLANG_WARN_UNREACHABLE_CODE = YES;
				CLANG_WARN__DUPLICATE_METHOD_MATCH = YES;
				"CODE_SIGN_IDENTITY[sdk=iphoneos*]" = "iPhone Developer";
				COPY_PHASE_STRIP = NO;
				DEBUG_INFORMATION_FORMAT = dwarf;
				ENABLE_STRICT_OBJC_MSGSEND = YES;
				ENABLE_TESTABILITY = YES;
				GCC_C_LANGUAGE_STANDARD = gnu99;
				GCC_DYNAMIC_NO_PIC = NO;
				GCC_NO_COMMON_BLOCKS = YES;
				GCC_OPTIMIZATION_LEVEL = 0;
				GCC_PREPROCESSOR_DEFINITIONS = (
					"DEBUG=1",
					"$(inherited)",
				);
				GCC_WARN_64_TO_32_BIT_CONVERSION = YES;
				GCC_WARN_ABOUT_RETURN_TYPE = YES_ERROR;
				GCC_WARN_UNDECLARED_SELECTOR = YES;
				GCC_WARN_UNINITIALIZED_AUTOS = YES_AGGRESSIVE;
				GCC_WARN_UNUSED_FUNCTION = YES;
				GCC_WARN_UNUSED_VARIABLE = YES;
				IPHONEOS_DEPLOYMENT_TARGET = 9.3;
				MTL_ENABLE_DEBUG_INFO = YES;
				ONLY_ACTIVE_ARCH = YES;
				SDKROOT = iphoneos;
				TARGETED_DEVICE_FAMILY = "1,2";
			};
			name = Debug;
		};
		715078641CF82A50003E4796 /* Release */ = {
			isa = XCBuildConfiguration;
			buildSettings = {
				ALWAYS_SEARCH_USER_PATHS = NO;
				CLANG_ANALYZER_NONNULL = YES;
				CLANG_CXX_LANGUAGE_STANDARD = "gnu++0x";
				CLANG_CXX_LIBRARY = "libc++";
				CLANG_ENABLE_MODULES = YES;
				CLANG_ENABLE_OBJC_ARC = YES;
				CLANG_WARN_BOOL_CONVERSION = YES;
				CLANG_WARN_CONSTANT_CONVERSION = YES;
				CLANG_WARN_DIRECT_OBJC_ISA_USAGE = YES_ERROR;
				CLANG_WARN_EMPTY_BODY = YES;
				CLANG_WARN_ENUM_CONVERSION = YES;
				CLANG_WARN_INT_CONVERSION = YES;
				CLANG_WARN_OBJC_ROOT_CLASS = YES_ERROR;
				CLANG_WARN_UNREACHABLE_CODE = YES;
				CLANG_WARN__DUPLICATE_METHOD_MATCH = YES;
				"CODE_SIGN_IDENTITY[sdk=iphoneos*]" = "iPhone Developer";
				COPY_PHASE_STRIP = NO;
				DEBUG_INFORMATION_FORMAT = "dwarf-with-dsym";
				ENABLE_NS_ASSERTIONS = NO;
				ENABLE_STRICT_OBJC_MSGSEND = YES;
				GCC_C_LANGUAGE_STANDARD = gnu99;
				GCC_NO_COMMON_BLOCKS = YES;
				GCC_WARN_64_TO_32_BIT_CONVERSION = YES;
				GCC_WARN_ABOUT_RETURN_TYPE = YES_ERROR;
				GCC_WARN_UNDECLARED_SELECTOR = YES;
				GCC_WARN_UNINITIALIZED_AUTOS = YES_AGGRESSIVE;
				GCC_WARN_UNUSED_FUNCTION = YES;
				GCC_WARN_UNUSED_VARIABLE = YES;
				IPHONEOS_DEPLOYMENT_TARGET = 9.3;
				MTL_ENABLE_DEBUG_INFO = NO;
				SDKROOT = iphoneos;
				TARGETED_DEVICE_FAMILY = "1,2";
				VALIDATE_PRODUCT = YES;
			};
			name = Release;
		};
		715078661CF82A50003E4796 /* Debug */ = {
			isa = XCBuildConfiguration;
			buildSettings = {
				ASSETCATALOG_COMPILER_APPICON_NAME = AppIcon;
				CODE_SIGN_IDENTITY = "iPhone Developer";
				"CODE_SIGN_IDENTITY[sdk=iphoneos*]" = "iPhone Developer";
				INFOPLIST_FILE = Quartz2D_Demo/Info.plist;
				IPHONEOS_DEPLOYMENT_TARGET = 8.0;
				LD_RUNPATH_SEARCH_PATHS = "$(inherited) @executable_path/Frameworks";
				PRODUCT_BUNDLE_IDENTIFIER = "ole.Quartz2D-Demo";
				PRODUCT_NAME = "$(TARGET_NAME)";
				PROVISIONING_PROFILE = "";
			};
			name = Debug;
		};
		715078671CF82A50003E4796 /* Release */ = {
			isa = XCBuildConfiguration;
			buildSettings = {
				ASSETCATALOG_COMPILER_APPICON_NAME = AppIcon;
				CODE_SIGN_IDENTITY = "iPhone Developer";
				"CODE_SIGN_IDENTITY[sdk=iphoneos*]" = "iPhone Developer";
				INFOPLIST_FILE = Quartz2D_Demo/Info.plist;
				IPHONEOS_DEPLOYMENT_TARGET = 8.0;
				LD_RUNPATH_SEARCH_PATHS = "$(inherited) @executable_path/Frameworks";
				PRODUCT_BUNDLE_IDENTIFIER = "ole.Quartz2D-Demo";
				PRODUCT_NAME = "$(TARGET_NAME)";
				PROVISIONING_PROFILE = "";
			};
			name = Release;
		};
/* End XCBuildConfiguration section */

/* Begin XCConfigurationList section */
		715078491CF82A50003E4796 /* Build configuration list for PBXProject "Quartz2D_Demo" */ = {
			isa = XCConfigurationList;
			buildConfigurations = (
				715078631CF82A50003E4796 /* Debug */,
				715078641CF82A50003E4796 /* Release */,
			);
			defaultConfigurationIsVisible = 0;
			defaultConfigurationName = Release;
		};
		715078651CF82A50003E4796 /* Build configuration list for PBXNativeTarget "Quartz2D_Demo" */ = {
			isa = XCConfigurationList;
			buildConfigurations = (
				715078661CF82A50003E4796 /* Debug */,
				715078671CF82A50003E4796 /* Release */,
			);
			defaultConfigurationIsVisible = 0;
			defaultConfigurationName = Release;
		};
/* End XCConfigurationList section */
	};
	rootObject = 715078461CF82A50003E4796 /* Project object */;
}
